{
  "name": "appreact",
  "version": "0.1.0",
  "lockfileVersion": 1,
  "dependencies": {
    "free-style": {
      "version": "2.3.1",
      "resolved": "https://registry.npmjs.org/free-style/-/free-style-2.3.1.tgz",
      "integrity": "sha1-riVvfniSa/A00qUfS6RXFbTmpwk="
    },
    "typestyle": {
      "version": "1.3.7",
      "resolved": "https://registry.npmjs.org/typestyle/-/typestyle-1.3.7.tgz",
      "integrity": "sha512-oRnrDhok9hC3HkyRMWZlMVQ6NfZIe/+6xr7WPRQKhJqlRy8gN7enbdFtDCyNrb/1rUXMuwQ0PMhtsdTTrBiA2w=="
    }
  }
}
